
Microsoft Visual Studio Solution File, Format Version 10.00
# Visual C++ Express 2008
Project("{8BC9CEB8-8B4A-11D0-8D11-00A0C91BC942}") = "gas2masm", "gas2masm\gas2masm.vcproj", "{0D22C8FA-B3DD-4AD8-9B78-2F6C4737AEC3}"
EndProject
Project("{8BC9CEB8-8B4A-11D0-8D11-00A0C91BC942}") = "winquake", "WinQuake.vcproj", "{5E3A2891-CA69-4D37-B27B-A144B4E9AE61}"
	ProjectSection(ProjectDependencies) = postProject
		{0D22C8FA-B3DD-4AD8-9B78-2F6C4737AEC3} = {0D22C8FA-B3DD-4AD8-9B78-2F6C4737AEC3}
	EndProjectSection
EndProject
Global
	GlobalSection(SolutionConfigurationPlatforms) = preSolution
		Debug|Win32 = Debug|Win32
		GL Debug|Win32 = GL Debug|Win32
		GL Release|Win32 = GL Release|Win32
		Release|Win32 = Release|Win32
	EndGlobalSection
	GlobalSection(ProjectConfigurationPlatforms) = postSolution
		{0D22C8FA-B3DD-4AD8-9B78-2F6C4737AEC3}.Debug|Win32.ActiveCfg = Debug|Win32
		{0D22C8FA-B3DD-4AD8-9B78-2F6C4737AEC3}.Debug|Win32.Build.0 = Debug|Win32
		{0D22C8FA-B3DD-4AD8-9B78-2F6C4737AEC3}.GL Debug|Win32.ActiveCfg = Debug|Win32
		{0D22C8FA-B3DD-4AD8-9B78-2F6C4737AEC3}.GL Debug|Win32.Build.0 = Debug|Win32
		{0D22C8FA-B3DD-4AD8-9B78-2F6C4737AEC3}.GL Release|Win32.ActiveCfg = Release|Win32
		{0D22C8FA-B3DD-4AD8-9B78-2F6C4737AEC3}.GL Release|Win32.Build.0 = Release|Win32
		{0D22C8FA-B3DD-4AD8-9B78-2F6C4737AEC3}.Release|Win32.ActiveCfg = Release|Win32
		{0D22C8FA-B3DD-4AD8-9B78-2F6C4737AEC3}.Release|Win32.Build.0 = Release|Win32
		{5E3A2891-CA69-4D37-B27B-A144B4E9AE61}.Debug|Win32.ActiveCfg = Debug|Win32
		{5E3A2891-CA69-4D37-B27B-A144B4E9AE61}.Debug|Win32.Build.0 = Debug|Win32
		{5E3A2891-CA69-4D37-B27B-A144B4E9AE61}.GL Debug|Win32.ActiveCfg = GL Debug|Win32
		{5E3A2891-CA69-4D37-B27B-A144B4E9AE61}.GL Debug|Win32.Build.0 = GL Debug|Win32
		{5E3A2891-CA69-4D37-B27B-A144B4E9AE61}.GL Release|Win32.ActiveCfg = GL Release|Win32
		{5E3A2891-CA69-4D37-B27B-A144B4E9AE61}.GL Release|Win32.Build.0 = GL Release|Win32
		{5E3A2891-CA69-4D37-B27B-A144B4E9AE61}.Release|Win32.ActiveCfg = Release|Win32
		{5E3A2891-CA69-4D37-B27B-A144B4E9AE61}.Release|Win32.Build.0 = Release|Win32
	EndGlobalSection
	GlobalSection(SolutionProperties) = preSolution
		HideSolutionNode = FALSE
	EndGlobalSection
EndGlobal
